<Solution>
  <Folder Name="/01 - Core/">
    <Project Path="src/HeroCrypt/HeroCrypt.csproj" />
  </Folder>
  <Folder Name="/02 - Tests/">
    <Project Path="tests/HeroCrypt.Tests/HeroCrypt.Tests.csproj" />
  </Folder>
  <Folder Name="/03 - Benchmarks/" />
  <Folder Name="/04 - Examples/">
    <Project Path="examples/HeroCrypt.Examples/HeroCrypt.Examples.csproj" />
  </Folder>
</Solution>
